
Microsoft Visual Studio Solution File, Format Version 12.00
# Visual Studio 14
VisualStudioVersion = 14.0.25420.1
MinimumVisualStudioVersion = 10.0.40219.1
Project("{FAE04EC0-301F-11D3-BF4B-00C04F79EFBC}") = "CameraSpy", "CameraSpy\CameraSpy.csproj", "{8ECF97D4-2A6E-4D6E-B8E6-BFDEDA92FBA2}"
EndProject
Project("{54435603-DBB4-11D2-8724-00A0C9A8B90C}") = "CameraSpy_Setup", "CameraSpy_Setup\CameraSpy_Setup.vdproj", "{5D85A324-2A66-41C2-96D9-57BCEB3B494C}"
EndProject
Global
	GlobalSection(SolutionConfigurationPlatforms) = preSolution
		Debug|Any CPU = Debug|Any CPU
		Release|Any CPU = Release|Any CPU
	EndGlobalSection
	GlobalSection(ProjectConfigurationPlatforms) = postSolution
		{8ECF97D4-2A6E-4D6E-B8E6-BFDEDA92FBA2}.Debug|Any CPU.ActiveCfg = Debug|Any CPU
		{8ECF97D4-2A6E-4D6E-B8E6-BFDEDA92FBA2}.Debug|Any CPU.Build.0 = Debug|Any CPU
		{8ECF97D4-2A6E-4D6E-B8E6-BFDEDA92FBA2}.Release|Any CPU.ActiveCfg = Release|Any CPU
		{8ECF97D4-2A6E-4D6E-B8E6-BFDEDA92FBA2}.Release|Any CPU.Build.0 = Release|Any CPU
		{5D85A324-2A66-41C2-96D9-57BCEB3B494C}.Debug|Any CPU.ActiveCfg = Debug
		{5D85A324-2A66-41C2-96D9-57BCEB3B494C}.Release|Any CPU.ActiveCfg = Release
	EndGlobalSection
	GlobalSection(SolutionProperties) = preSolution
		HideSolutionNode = FALSE
	EndGlobalSection
EndGlobal
